
Microsoft Visual Studio Solution File, Format Version 12.00
# Visual Studio Version 17
VisualStudioVersion = 17.11.35303.130
MinimumVisualStudioVersion = 10.0.40219.1
Project("{2150E333-8FDC-42A3-9474-1A3956D46DE8}") = "Task0", "Task0", "{070E40F3-9C92-4A26-B847-C1DF0D9F3CF4}"
EndProject
Project("{FAE04EC0-301F-11D3-BF4B-00C04F79EFBC}") = "Tyuiu.MerzhinskiyOO.Sprint5.Task0.V6", "Tyuiu.MerzhinskiyOO.Sprint5.Task0.V6\Tyuiu.MerzhinskiyOO.Sprint5.Task0.V6.csproj", "{975E317B-43E1-4F54-8E47-A207EF5C5E81}"
EndProject
Project("{FAE04EC0-301F-11D3-BF4B-00C04F79EFBC}") = "Tyuiu.MerzhinskiyOO.Sprint5.Task0.V6.Lib", "Tyuiu.MerzhinskiyOO.Sprint5.Task0.V6.Lib\Tyuiu.MerzhinskiyOO.Sprint5.Task0.V6.Lib.csproj", "{8D34AC09-5F12-4229-A325-B5C0BFB279C8}"
EndProject
Project("{FAE04EC0-301F-11D3-BF4B-00C04F79EFBC}") = "Tyuiu.MerzhinskiyOO.Sprint5.Task0.V6.Test", "Tyuiu.MerzhinskiyOO.Sprint5.Task0.V6.Test\Tyuiu.MerzhinskiyOO.Sprint5.Task0.V6.Test.csproj", "{11F94008-424D-4F1D-88EB-AC49E25ABFD1}"
EndProject
Project("{2150E333-8FDC-42A3-9474-1A3956D46DE8}") = "Task1", "Task1", "{D2D587D9-7D94-4649-A415-645BCE6437BC}"
EndProject
Project("{FAE04EC0-301F-11D3-BF4B-00C04F79EFBC}") = "Tyuiu.MerzhinskiyOO.Sprint5.Task1.V17", "Tyuiu.MerzhinskiyOO.Sprint5.Task1.V17\Tyuiu.MerzhinskiyOO.Sprint5.Task1.V17.csproj", "{6353E671-C650-43AD-AA13-EFD050021A5C}"
EndProject
Project("{FAE04EC0-301F-11D3-BF4B-00C04F79EFBC}") = "Tyuiu.MerzhinskiyOO.Sprint5.Task1.V17.Lib", "Tyuiu.MerzhinskiyOO.Sprint5.Task1.V17.Lib\Tyuiu.MerzhinskiyOO.Sprint5.Task1.V17.Lib.csproj", "{701B99B9-6772-41A2-A9DA-E7A357FF7F23}"
EndProject
Project("{FAE04EC0-301F-11D3-BF4B-00C04F79EFBC}") = "Tyuiu.MerzhinskiyOO.Sprint5.Task1.V17.Test", "Tyuiu.MerzhinskiyOO.Sprint5.Task1.V17.Test\Tyuiu.MerzhinskiyOO.Sprint5.Task1.V17.Test.csproj", "{DA396792-3B04-4CAC-A543-596A221FBF3B}"
EndProject
Project("{2150E333-8FDC-42A3-9474-1A3956D46DE8}") = "Task2", "Task2", "{344D5E06-98B2-4899-9F6E-78E80BC4D6D9}"
EndProject
Project("{FAE04EC0-301F-11D3-BF4B-00C04F79EFBC}") = "Tyuiu.MerzhinskiyOO.Sprint5.Task2.V19", "Tyuiu.MerzhinskiyOO.Sprint5.Task2.V19\Tyuiu.MerzhinskiyOO.Sprint5.Task2.V19.csproj", "{06C6F019-ABB2-41E1-BF20-5C990BBB90BB}"
EndProject
Project("{FAE04EC0-301F-11D3-BF4B-00C04F79EFBC}") = "Tyuiu.MerzhinskiyOO.Sprint5.Task2.V19.Lib", "Tyuiu.MerzhinskiyOO.Sprint5.Task2.V19.Lib\Tyuiu.MerzhinskiyOO.Sprint5.Task2.V19.Lib.csproj", "{A0C4AC63-5D3F-4540-9FB1-A4AF14DB7D90}"
EndProject
Project("{FAE04EC0-301F-11D3-BF4B-00C04F79EFBC}") = "Tyuiu.MerzhinskiyOO.Sprint5.Task2.V19.Test", "Tyuiu.MerzhinskiyOO.Sprint5.Task2.V19.Test\Tyuiu.MerzhinskiyOO.Sprint5.Task2.V19.Test.csproj", "{21E4F39C-A46C-46B7-88D1-6CF2AF831E19}"
EndProject
Project("{2150E333-8FDC-42A3-9474-1A3956D46DE8}") = "Task3", "Task3", "{F969AA6B-E659-4D07-B5A1-1FBA2469D07E}"
EndProject
Project("{FAE04EC0-301F-11D3-BF4B-00C04F79EFBC}") = "Tyuiu.MerzhinskiyOO.Sprint5.Task3.V17", "Tyuiu.MerzhinskiyOO.Sprint5.Task3.V17\Tyuiu.MerzhinskiyOO.Sprint5.Task3.V17.csproj", "{3CAF85A5-DE8B-44D5-98EB-98CDE705CE0C}"
EndProject
Project("{FAE04EC0-301F-11D3-BF4B-00C04F79EFBC}") = "Tyuiu.MerzhinskiyOO.Sprint5.Task3.V17.Lib", "Tyuiu.MerzhinskiyOO.Sprint5.Task3.V17.Lib\Tyuiu.MerzhinskiyOO.Sprint5.Task3.V17.Lib.csproj", "{DC6A1674-67D4-44F8-B894-711451A359E6}"
EndProject
Project("{FAE04EC0-301F-11D3-BF4B-00C04F79EFBC}") = "Tyuiu.MerzhinskiyOO.Sprint5.Task3.V17.Test", "Tyuiu.MerzhinskiyOO.Sprint5.Task3.V17.Test\Tyuiu.MerzhinskiyOO.Sprint5.Task3.V17.Test.csproj", "{9409CC98-944B-4880-82FC-EA44F863F06C}"
EndProject
Project("{2150E333-8FDC-42A3-9474-1A3956D46DE8}") = "Task4", "Task4", "{E981FF75-A970-414E-A040-056BED30DE78}"
EndProject
Project("{FAE04EC0-301F-11D3-BF4B-00C04F79EFBC}") = "Tyuiu.MerzhinskiyOO.Sprint5.Task4.V21", "Tyuiu.MerzhinskiyOO.Sprint5.Task4.V21\Tyuiu.MerzhinskiyOO.Sprint5.Task4.V21.csproj", "{437D20E6-8B69-45E6-9BF2-25BBBC3A3FA2}"
EndProject
Project("{FAE04EC0-301F-11D3-BF4B-00C04F79EFBC}") = "Tyuiu.MerzhinskiyOO.Sprint5.Task4.V21.Lib", "Tyuiu.MerzhinskiyOO.Sprint5.Task4.V21.Lib\Tyuiu.MerzhinskiyOO.Sprint5.Task4.V21.Lib.csproj", "{9D3898D2-842D-46DE-8B41-FBF204A50723}"
EndProject
Project("{FAE04EC0-301F-11D3-BF4B-00C04F79EFBC}") = "Tyuiu.MerzhinskiyOO.Sprint5.Task4.V21.Test", "Tyuiu.MerzhinskiyOO.Sprint5.Task4.V21.Test\Tyuiu.MerzhinskiyOO.Sprint5.Task4.V21.Test.csproj", "{E0110450-9C01-44B5-90F8-EE1A449F7A75}"
EndProject
Project("{FAE04EC0-301F-11D3-BF4B-00C04F79EFBC}") = "Tyuiu.MerzhinskiyOO.Sprint5.Task5.V18.Lib", "Tyuiu.MerzhinskiyOO.Sprint5.Task5.V18.Lib\Tyuiu.MerzhinskiyOO.Sprint5.Task5.V18.Lib.csproj", "{A5333746-1DC2-4AF7-A8B2-D311F13903F3}"
EndProject
Project("{FAE04EC0-301F-11D3-BF4B-00C04F79EFBC}") = "Tyuiu.MerzhinskiyOO.Sprint5.Task5.V18", "Tyuiu.MerzhinskiyOO.Sprint5.Task5.V18\Tyuiu.MerzhinskiyOO.Sprint5.Task5.V18.csproj", "{1C90A4A9-BC0C-4294-B7B9-2DA9292B2A50}"
EndProject
Project("{FAE04EC0-301F-11D3-BF4B-00C04F79EFBC}") = "Tyuiu.MerzhinskiyOO.Sprint5.Task5.V18.Test", "Tyuiu.MerzhinskiyOO.Sprint5.Task5.V18.Test\Tyuiu.MerzhinskiyOO.Sprint5.Task5.V18.Test.csproj", "{CC4A1BDA-8EAB-4A42-AB70-C0FD01C3EF76}"
EndProject
Project("{FAE04EC0-301F-11D3-BF4B-00C04F79EFBC}") = "Tyuiu.MerzhinskiyOO.Sprint5.Task6.V6.Lib", "Tyuiu.MerzhinskiyOO.Sprint5.Task6.V6.Lib\Tyuiu.MerzhinskiyOO.Sprint5.Task6.V6.Lib.csproj", "{67B915FB-C187-49C2-A41C-A185D02DC438}"
EndProject
Project("{FAE04EC0-301F-11D3-BF4B-00C04F79EFBC}") = "Tyuiu.MerzhinskiyOO.Sprint5.Task6.V6", "Tyuiu.MerzhinskiyOO.Sprint5.Task6.V6\Tyuiu.MerzhinskiyOO.Sprint5.Task6.V6.csproj", "{D1D5E140-0679-4775-AA02-AD766A56847C}"
EndProject
Project("{FAE04EC0-301F-11D3-BF4B-00C04F79EFBC}") = "Tyuiu.MerzhinskiyOO.Sprint5.Task6.V6.Test", "Tyuiu.MerzhinskiyOO.Sprint5.Task6.V6.Test\Tyuiu.MerzhinskiyOO.Sprint5.Task6.V6.Test.csproj", "{14B21424-3909-43C0-9F28-866BF87A4339}"
EndProject
Project("{FAE04EC0-301F-11D3-BF4B-00C04F79EFBC}") = "Tyuiu.MerzhinskiyOO.Sprint5.Task7.V30.Lib", "Tyuiu.MerzhinskiyOO.Sprint5.Task7.V30.Lib\Tyuiu.MerzhinskiyOO.Sprint5.Task7.V30.Lib.csproj", "{CCFCBC35-CAE0-4889-9E58-7B1181F472AA}"
EndProject
Project("{FAE04EC0-301F-11D3-BF4B-00C04F79EFBC}") = "Tyuiu.MerzhinskiyOO.Sprint5.Task7.V30", "Tyuiu.MerzhinskiyOO.Sprint5.Task7.V30\Tyuiu.MerzhinskiyOO.Sprint5.Task7.V30.csproj", "{1FC251FC-64F1-4A06-9C47-8E1345F7F439}"
EndProject
Project("{FAE04EC0-301F-11D3-BF4B-00C04F79EFBC}") = "Tyuiu.MerzhinskiyOO.Sprint5.Task7.V30.Test", "Tyuiu.MerzhinskiyOO.Sprint5.Task7.V30.Test\Tyuiu.MerzhinskiyOO.Sprint5.Task7.V30.Test.csproj", "{C6E06625-47B3-4600-B093-FB552D04A9C5}"
EndProject
Global
	GlobalSection(SolutionConfigurationPlatforms) = preSolution
		Debug|Any CPU = Debug|Any CPU
		Release|Any CPU = Release|Any CPU
	EndGlobalSection
	GlobalSection(ProjectConfigurationPlatforms) = postSolution
		{975E317B-43E1-4F54-8E47-A207EF5C5E81}.Debug|Any CPU.ActiveCfg = Debug|Any CPU
		{975E317B-43E1-4F54-8E47-A207EF5C5E81}.Debug|Any CPU.Build.0 = Debug|Any CPU
		{975E317B-43E1-4F54-8E47-A207EF5C5E81}.Release|Any CPU.ActiveCfg = Release|Any CPU
		{975E317B-43E1-4F54-8E47-A207EF5C5E81}.Release|Any CPU.Build.0 = Release|Any CPU
		{8D34AC09-5F12-4229-A325-B5C0BFB279C8}.Debug|Any CPU.ActiveCfg = Debug|Any CPU
		{8D34AC09-5F12-4229-A325-B5C0BFB279C8}.Debug|Any CPU.Build.0 = Debug|Any CPU
		{8D34AC09-5F12-4229-A325-B5C0BFB279C8}.Release|Any CPU.ActiveCfg = Release|Any CPU
		{8D34AC09-5F12-4229-A325-B5C0BFB279C8}.Release|Any CPU.Build.0 = Release|Any CPU
		{11F94008-424D-4F1D-88EB-AC49E25ABFD1}.Debug|Any CPU.ActiveCfg = Debug|Any CPU
		{11F94008-424D-4F1D-88EB-AC49E25ABFD1}.Debug|Any CPU.Build.0 = Debug|Any CPU
		{11F94008-424D-4F1D-88EB-AC49E25ABFD1}.Release|Any CPU.ActiveCfg = Release|Any CPU
		{11F94008-424D-4F1D-88EB-AC49E25ABFD1}.Release|Any CPU.Build.0 = Release|Any CPU
		{6353E671-C650-43AD-AA13-EFD050021A5C}.Debug|Any CPU.ActiveCfg = Debug|Any CPU
		{6353E671-C650-43AD-AA13-EFD050021A5C}.Debug|Any CPU.Build.0 = Debug|Any CPU
		{6353E671-C650-43AD-AA13-EFD050021A5C}.Release|Any CPU.ActiveCfg = Release|Any CPU
		{6353E671-C650-43AD-AA13-EFD050021A5C}.Release|Any CPU.Build.0 = Release|Any CPU
		{701B99B9-6772-41A2-A9DA-E7A357FF7F23}.Debug|Any CPU.ActiveCfg = Debug|Any CPU
		{701B99B9-6772-41A2-A9DA-E7A357FF7F23}.Debug|Any CPU.Build.0 = Debug|Any CPU
		{701B99B9-6772-41A2-A9DA-E7A357FF7F23}.Release|Any CPU.ActiveCfg = Release|Any CPU
		{701B99B9-6772-41A2-A9DA-E7A357FF7F23}.Release|Any CPU.Build.0 = Release|Any CPU
		{DA396792-3B04-4CAC-A543-596A221FBF3B}.Debug|Any CPU.ActiveCfg = Debug|Any CPU
		{DA396792-3B04-4CAC-A543-596A221FBF3B}.Debug|Any CPU.Build.0 = Debug|Any CPU
		{DA396792-3B04-4CAC-A543-596A221FBF3B}.Release|Any CPU.ActiveCfg = Release|Any CPU
		{DA396792-3B04-4CAC-A543-596A221FBF3B}.Release|Any CPU.Build.0 = Release|Any CPU
		{06C6F019-ABB2-41E1-BF20-5C990BBB90BB}.Debug|Any CPU.ActiveCfg = Debug|Any CPU
		{06C6F019-ABB2-41E1-BF20-5C990BBB90BB}.Debug|Any CPU.Build.0 = Debug|Any CPU
		{06C6F019-ABB2-41E1-BF20-5C990BBB90BB}.Release|Any CPU.ActiveCfg = Release|Any CPU
		{06C6F019-ABB2-41E1-BF20-5C990BBB90BB}.Release|Any CPU.Build.0 = Release|Any CPU
		{A0C4AC63-5D3F-4540-9FB1-A4AF14DB7D90}.Debug|Any CPU.ActiveCfg = Debug|Any CPU
		{A0C4AC63-5D3F-4540-9FB1-A4AF14DB7D90}.Debug|Any CPU.Build.0 = Debug|Any CPU
		{A0C4AC63-5D3F-4540-9FB1-A4AF14DB7D90}.Release|Any CPU.ActiveCfg = Release|Any CPU
		{A0C4AC63-5D3F-4540-9FB1-A4AF14DB7D90}.Release|Any CPU.Build.0 = Release|Any CPU
		{21E4F39C-A46C-46B7-88D1-6CF2AF831E19}.Debug|Any CPU.ActiveCfg = Debug|Any CPU
		{21E4F39C-A46C-46B7-88D1-6CF2AF831E19}.Debug|Any CPU.Build.0 = Debug|Any CPU
		{21E4F39C-A46C-46B7-88D1-6CF2AF831E19}.Release|Any CPU.ActiveCfg = Release|Any CPU
		{21E4F39C-A46C-46B7-88D1-6CF2AF831E19}.Release|Any CPU.Build.0 = Release|Any CPU
		{3CAF85A5-DE8B-44D5-98EB-98CDE705CE0C}.Debug|Any CPU.ActiveCfg = Debug|Any CPU
		{3CAF85A5-DE8B-44D5-98EB-98CDE705CE0C}.Debug|Any CPU.Build.0 = Debug|Any CPU
		{3CAF85A5-DE8B-44D5-98EB-98CDE705CE0C}.Release|Any CPU.ActiveCfg = Release|Any CPU
		{3CAF85A5-DE8B-44D5-98EB-98CDE705CE0C}.Release|Any CPU.Build.0 = Release|Any CPU
		{DC6A1674-67D4-44F8-B894-711451A359E6}.Debug|Any CPU.ActiveCfg = Debug|Any CPU
		{DC6A1674-67D4-44F8-B894-711451A359E6}.Debug|Any CPU.Build.0 = Debug|Any CPU
		{DC6A1674-67D4-44F8-B894-711451A359E6}.Release|Any CPU.ActiveCfg = Release|Any CPU
		{DC6A1674-67D4-44F8-B894-711451A359E6}.Release|Any CPU.Build.0 = Release|Any CPU
		{9409CC98-944B-4880-82FC-EA44F863F06C}.Debug|Any CPU.ActiveCfg = Debug|Any CPU
		{9409CC98-944B-4880-82FC-EA44F863F06C}.Debug|Any CPU.Build.0 = Debug|Any CPU
		{9409CC98-944B-4880-82FC-EA44F863F06C}.Release|Any CPU.ActiveCfg = Release|Any CPU
		{9409CC98-944B-4880-82FC-EA44F863F06C}.Release|Any CPU.Build.0 = Release|Any CPU
		{437D20E6-8B69-45E6-9BF2-25BBBC3A3FA2}.Debug|Any CPU.ActiveCfg = Debug|Any CPU
		{437D20E6-8B69-45E6-9BF2-25BBBC3A3FA2}.Debug|Any CPU.Build.0 = Debug|Any CPU
		{437D20E6-8B69-45E6-9BF2-25BBBC3A3FA2}.Release|Any CPU.ActiveCfg = Release|Any CPU
		{437D20E6-8B69-45E6-9BF2-25BBBC3A3FA2}.Release|Any CPU.Build.0 = Release|Any CPU
		{9D3898D2-842D-46DE-8B41-FBF204A50723}.Debug|Any CPU.ActiveCfg = Debug|Any CPU
		{9D3898D2-842D-46DE-8B41-FBF204A50723}.Debug|Any CPU.Build.0 = Debug|Any CPU
		{9D3898D2-842D-46DE-8B41-FBF204A50723}.Release|Any CPU.ActiveCfg = Release|Any CPU
		{9D3898D2-842D-46DE-8B41-FBF204A50723}.Release|Any CPU.Build.0 = Release|Any CPU
		{E0110450-9C01-44B5-90F8-EE1A449F7A75}.Debug|Any CPU.ActiveCfg = Debug|Any CPU
		{E0110450-9C01-44B5-90F8-EE1A449F7A75}.Debug|Any CPU.Build.0 = Debug|Any CPU
		{E0110450-9C01-44B5-90F8-EE1A449F7A75}.Release|Any CPU.ActiveCfg = Release|Any CPU
		{E0110450-9C01-44B5-90F8-EE1A449F7A75}.Release|Any CPU.Build.0 = Release|Any CPU
		{A5333746-1DC2-4AF7-A8B2-D311F13903F3}.Debug|Any CPU.ActiveCfg = Debug|Any CPU
		{A5333746-1DC2-4AF7-A8B2-D311F13903F3}.Debug|Any CPU.Build.0 = Debug|Any CPU
		{A5333746-1DC2-4AF7-A8B2-D311F13903F3}.Release|Any CPU.ActiveCfg = Release|Any CPU
		{A5333746-1DC2-4AF7-A8B2-D311F13903F3}.Release|Any CPU.Build.0 = Release|Any CPU
		{1C90A4A9-BC0C-4294-B7B9-2DA9292B2A50}.Debug|Any CPU.ActiveCfg = Debug|Any CPU
		{1C90A4A9-BC0C-4294-B7B9-2DA9292B2A50}.Debug|Any CPU.Build.0 = Debug|Any CPU
		{1C90A4A9-BC0C-4294-B7B9-2DA9292B2A50}.Release|Any CPU.ActiveCfg = Release|Any CPU
		{1C90A4A9-BC0C-4294-B7B9-2DA9292B2A50}.Release|Any CPU.Build.0 = Release|Any CPU
		{CC4A1BDA-8EAB-4A42-AB70-C0FD01C3EF76}.Debug|Any CPU.ActiveCfg = Debug|Any CPU
		{CC4A1BDA-8EAB-4A42-AB70-C0FD01C3EF76}.Debug|Any CPU.Build.0 = Debug|Any CPU
		{CC4A1BDA-8EAB-4A42-AB70-C0FD01C3EF76}.Release|Any CPU.ActiveCfg = Release|Any CPU
		{CC4A1BDA-8EAB-4A42-AB70-C0FD01C3EF76}.Release|Any CPU.Build.0 = Release|Any CPU
		{67B915FB-C187-49C2-A41C-A185D02DC438}.Debug|Any CPU.ActiveCfg = Debug|Any CPU
		{67B915FB-C187-49C2-A41C-A185D02DC438}.Debug|Any CPU.Build.0 = Debug|Any CPU
		{67B915FB-C187-49C2-A41C-A185D02DC438}.Release|Any CPU.ActiveCfg = Release|Any CPU
		{67B915FB-C187-49C2-A41C-A185D02DC438}.Release|Any CPU.Build.0 = Release|Any CPU
		{D1D5E140-0679-4775-AA02-AD766A56847C}.Debug|Any CPU.ActiveCfg = Debug|Any CPU
		{D1D5E140-0679-4775-AA02-AD766A56847C}.Debug|Any CPU.Build.0 = Debug|Any CPU
		{D1D5E140-0679-4775-AA02-AD766A56847C}.Release|Any CPU.ActiveCfg = Release|Any CPU
		{D1D5E140-0679-4775-AA02-AD766A56847C}.Release|Any CPU.Build.0 = Release|Any CPU
		{14B21424-3909-43C0-9F28-866BF87A4339}.Debug|Any CPU.ActiveCfg = Debug|Any CPU
		{14B21424-3909-43C0-9F28-866BF87A4339}.Debug|Any CPU.Build.0 = Debug|Any CPU
		{14B21424-3909-43C0-9F28-866BF87A4339}.Release|Any CPU.ActiveCfg = Release|Any CPU
		{14B21424-3909-43C0-9F28-866BF87A4339}.Release|Any CPU.Build.0 = Release|Any CPU
		{CCFCBC35-CAE0-4889-9E58-7B1181F472AA}.Debug|Any CPU.ActiveCfg = Debug|Any CPU
		{CCFCBC35-CAE0-4889-9E58-7B1181F472AA}.Debug|Any CPU.Build.0 = Debug|Any CPU
		{CCFCBC35-CAE0-4889-9E58-7B1181F472AA}.Release|Any CPU.ActiveCfg = Release|Any CPU
		{CCFCBC35-CAE0-4889-9E58-7B1181F472AA}.Release|Any CPU.Build.0 = Release|Any CPU
		{1FC251FC-64F1-4A06-9C47-8E1345F7F439}.Debug|Any CPU.ActiveCfg = Debug|Any CPU
		{1FC251FC-64F1-4A06-9C47-8E1345F7F439}.Debug|Any CPU.Build.0 = Debug|Any CPU
		{1FC251FC-64F1-4A06-9C47-8E1345F7F439}.Release|Any CPU.ActiveCfg = Release|Any CPU
		{1FC251FC-64F1-4A06-9C47-8E1345F7F439}.Release|Any CPU.Build.0 = Release|Any CPU
		{C6E06625-47B3-4600-B093-FB552D04A9C5}.Debug|Any CPU.ActiveCfg = Debug|Any CPU
		{C6E06625-47B3-4600-B093-FB552D04A9C5}.Debug|Any CPU.Build.0 = Debug|Any CPU
		{C6E06625-47B3-4600-B093-FB552D04A9C5}.Release|Any CPU.ActiveCfg = Release|Any CPU
		{C6E06625-47B3-4600-B093-FB552D04A9C5}.Release|Any CPU.Build.0 = Release|Any CPU
	EndGlobalSection
	GlobalSection(SolutionProperties) = preSolution
		HideSolutionNode = FALSE
	EndGlobalSection
	GlobalSection(NestedProjects) = preSolution
		{975E317B-43E1-4F54-8E47-A207EF5C5E81} = {070E40F3-9C92-4A26-B847-C1DF0D9F3CF4}
		{8D34AC09-5F12-4229-A325-B5C0BFB279C8} = {070E40F3-9C92-4A26-B847-C1DF0D9F3CF4}
		{11F94008-424D-4F1D-88EB-AC49E25ABFD1} = {070E40F3-9C92-4A26-B847-C1DF0D9F3CF4}
		{6353E671-C650-43AD-AA13-EFD050021A5C} = {D2D587D9-7D94-4649-A415-645BCE6437BC}
		{701B99B9-6772-41A2-A9DA-E7A357FF7F23} = {D2D587D9-7D94-4649-A415-645BCE6437BC}
		{DA396792-3B04-4CAC-A543-596A221FBF3B} = {D2D587D9-7D94-4649-A415-645BCE6437BC}
		{06C6F019-ABB2-41E1-BF20-5C990BBB90BB} = {344D5E06-98B2-4899-9F6E-78E80BC4D6D9}
		{A0C4AC63-5D3F-4540-9FB1-A4AF14DB7D90} = {344D5E06-98B2-4899-9F6E-78E80BC4D6D9}
		{21E4F39C-A46C-46B7-88D1-6CF2AF831E19} = {344D5E06-98B2-4899-9F6E-78E80BC4D6D9}
		{3CAF85A5-DE8B-44D5-98EB-98CDE705CE0C} = {F969AA6B-E659-4D07-B5A1-1FBA2469D07E}
		{DC6A1674-67D4-44F8-B894-711451A359E6} = {F969AA6B-E659-4D07-B5A1-1FBA2469D07E}
		{9409CC98-944B-4880-82FC-EA44F863F06C} = {F969AA6B-E659-4D07-B5A1-1FBA2469D07E}
		{437D20E6-8B69-45E6-9BF2-25BBBC3A3FA2} = {E981FF75-A970-414E-A040-056BED30DE78}
		{9D3898D2-842D-46DE-8B41-FBF204A50723} = {E981FF75-A970-414E-A040-056BED30DE78}
		{E0110450-9C01-44B5-90F8-EE1A449F7A75} = {E981FF75-A970-414E-A040-056BED30DE78}
	EndGlobalSection
	GlobalSection(ExtensibilityGlobals) = postSolution
		SolutionGuid = {13E061EB-702C-48A4-B157-DDCB669D6066}
	EndGlobalSection
EndGlobal
