
Microsoft Visual Studio Solution File, Format Version 12.00
# Visual Studio Version 17
VisualStudioVersion = 17.11.35303.130
MinimumVisualStudioVersion = 10.0.40219.1
Project("{2150E333-8FDC-42A3-9474-1A3956D46DE8}") = "Task0", "Task0", "{070E40F3-9C92-4A26-B847-C1DF0D9F3CF4}"
EndProject
Project("{FAE04EC0-301F-11D3-BF4B-00C04F79EFBC}") = "Tyuiu.MerzhinskiyOO.Sprint5.Task0.V6", "Tyuiu.MerzhinskiyOO.Sprint5.Task0.V6\Tyuiu.MerzhinskiyOO.Sprint5.Task0.V6.csproj", "{975E317B-43E1-4F54-8E47-A207EF5C5E81}"
EndProject
Project("{FAE04EC0-301F-11D3-BF4B-00C04F79EFBC}") = "Tyuiu.MerzhinskiyOO.Sprint5.Task0.V6.Lib", "Tyuiu.MerzhinskiyOO.Sprint5.Task0.V6.Lib\Tyuiu.MerzhinskiyOO.Sprint5.Task0.V6.Lib.csproj", "{8D34AC09-5F12-4229-A325-B5C0BFB279C8}"
EndProject
Project("{FAE04EC0-301F-11D3-BF4B-00C04F79EFBC}") = "Tyuiu.MerzhinskiyOO.Sprint5.Task0.V6.Test", "Tyuiu.MerzhinskiyOO.Sprint5.Task0.V6.Test\Tyuiu.MerzhinskiyOO.Sprint5.Task0.V6.Test.csproj", "{11F94008-424D-4F1D-88EB-AC49E25ABFD1}"
EndProject
Project("{2150E333-8FDC-42A3-9474-1A3956D46DE8}") = "Task1", "Task1", "{D2D587D9-7D94-4649-A415-645BCE6437BC}"
EndProject
Project("{FAE04EC0-301F-11D3-BF4B-00C04F79EFBC}") = "Tyuiu.MerzhinskiyOO.Sprint5.Task1.V17", "Tyuiu.MerzhinskiyOO.Sprint5.Task1.V17\Tyuiu.MerzhinskiyOO.Sprint5.Task1.V17.csproj", "{6353E671-C650-43AD-AA13-EFD050021A5C}"
EndProject
Project("{FAE04EC0-301F-11D3-BF4B-00C04F79EFBC}") = "Tyuiu.MerzhinskiyOO.Sprint5.Task1.V17.Lib", "Tyuiu.MerzhinskiyOO.Sprint5.Task1.V17.Lib\Tyuiu.MerzhinskiyOO.Sprint5.Task1.V17.Lib.csproj", "{701B99B9-6772-41A2-A9DA-E7A357FF7F23}"
EndProject
Project("{FAE04EC0-301F-11D3-BF4B-00C04F79EFBC}") = "Tyuiu.MerzhinskiyOO.Sprint5.Task1.V17.Test", "Tyuiu.MerzhinskiyOO.Sprint5.Task1.V17.Test\Tyuiu.MerzhinskiyOO.Sprint5.Task1.V17.Test.csproj", "{DA396792-3B04-4CAC-A543-596A221FBF3B}"
EndProject
Global
	GlobalSection(SolutionConfigurationPlatforms) = preSolution
		Debug|Any CPU = Debug|Any CPU
		Release|Any CPU = Release|Any CPU
	EndGlobalSection
	GlobalSection(ProjectConfigurationPlatforms) = postSolution
		{975E317B-43E1-4F54-8E47-A207EF5C5E81}.Debug|Any CPU.ActiveCfg = Debug|Any CPU
		{975E317B-43E1-4F54-8E47-A207EF5C5E81}.Debug|Any CPU.Build.0 = Debug|Any CPU
		{975E317B-43E1-4F54-8E47-A207EF5C5E81}.Release|Any CPU.ActiveCfg = Release|Any CPU
		{975E317B-43E1-4F54-8E47-A207EF5C5E81}.Release|Any CPU.Build.0 = Release|Any CPU
		{8D34AC09-5F12-4229-A325-B5C0BFB279C8}.Debug|Any CPU.ActiveCfg = Debug|Any CPU
		{8D34AC09-5F12-4229-A325-B5C0BFB279C8}.Debug|Any CPU.Build.0 = Debug|Any CPU
		{8D34AC09-5F12-4229-A325-B5C0BFB279C8}.Release|Any CPU.ActiveCfg = Release|Any CPU
		{8D34AC09-5F12-4229-A325-B5C0BFB279C8}.Release|Any CPU.Build.0 = Release|Any CPU
		{11F94008-424D-4F1D-88EB-AC49E25ABFD1}.Debug|Any CPU.ActiveCfg = Debug|Any CPU
		{11F94008-424D-4F1D-88EB-AC49E25ABFD1}.Debug|Any CPU.Build.0 = Debug|Any CPU
		{11F94008-424D-4F1D-88EB-AC49E25ABFD1}.Release|Any CPU.ActiveCfg = Release|Any CPU
		{11F94008-424D-4F1D-88EB-AC49E25ABFD1}.Release|Any CPU.Build.0 = Release|Any CPU
		{6353E671-C650-43AD-AA13-EFD050021A5C}.Debug|Any CPU.ActiveCfg = Debug|Any CPU
		{6353E671-C650-43AD-AA13-EFD050021A5C}.Debug|Any CPU.Build.0 = Debug|Any CPU
		{6353E671-C650-43AD-AA13-EFD050021A5C}.Release|Any CPU.ActiveCfg = Release|Any CPU
		{6353E671-C650-43AD-AA13-EFD050021A5C}.Release|Any CPU.Build.0 = Release|Any CPU
		{701B99B9-6772-41A2-A9DA-E7A357FF7F23}.Debug|Any CPU.ActiveCfg = Debug|Any CPU
		{701B99B9-6772-41A2-A9DA-E7A357FF7F23}.Debug|Any CPU.Build.0 = Debug|Any CPU
		{701B99B9-6772-41A2-A9DA-E7A357FF7F23}.Release|Any CPU.ActiveCfg = Release|Any CPU
		{701B99B9-6772-41A2-A9DA-E7A357FF7F23}.Release|Any CPU.Build.0 = Release|Any CPU
		{DA396792-3B04-4CAC-A543-596A221FBF3B}.Debug|Any CPU.ActiveCfg = Debug|Any CPU
		{DA396792-3B04-4CAC-A543-596A221FBF3B}.Debug|Any CPU.Build.0 = Debug|Any CPU
		{DA396792-3B04-4CAC-A543-596A221FBF3B}.Release|Any CPU.ActiveCfg = Release|Any CPU
		{DA396792-3B04-4CAC-A543-596A221FBF3B}.Release|Any CPU.Build.0 = Release|Any CPU
	EndGlobalSection
	GlobalSection(SolutionProperties) = preSolution
		HideSolutionNode = FALSE
	EndGlobalSection
	GlobalSection(NestedProjects) = preSolution
		{975E317B-43E1-4F54-8E47-A207EF5C5E81} = {070E40F3-9C92-4A26-B847-C1DF0D9F3CF4}
		{8D34AC09-5F12-4229-A325-B5C0BFB279C8} = {070E40F3-9C92-4A26-B847-C1DF0D9F3CF4}
		{11F94008-424D-4F1D-88EB-AC49E25ABFD1} = {070E40F3-9C92-4A26-B847-C1DF0D9F3CF4}
		{6353E671-C650-43AD-AA13-EFD050021A5C} = {D2D587D9-7D94-4649-A415-645BCE6437BC}
		{701B99B9-6772-41A2-A9DA-E7A357FF7F23} = {D2D587D9-7D94-4649-A415-645BCE6437BC}
		{DA396792-3B04-4CAC-A543-596A221FBF3B} = {D2D587D9-7D94-4649-A415-645BCE6437BC}
	EndGlobalSection
	GlobalSection(ExtensibilityGlobals) = postSolution
		SolutionGuid = {13E061EB-702C-48A4-B157-DDCB669D6066}
	EndGlobalSection
EndGlobal
